{
  "requires": true,
  "lockfileVersion": 1,
  "dependencies": {
    "react-router-modal": {
      "version": "1.5.2",
      "resolved": "https://registry.npmjs.org/react-router-modal/-/react-router-modal-1.5.2.tgz",
      "integrity": "sha512-q1a0KJaDI7pJbmMZV/bJYcr2BqsePOAyCgCl8xN7t5IA+3LFQyqFJwvLrMvmPnsjVKR0vaUSrqgObOslgpxs7A=="
    }
  }
}
